{
  "name": "dsl-package-template",
  "version": "1.0.0",
  "lockfileVersion": 1,
  "requires": true,
  "dependencies": {
    "@types/node": {
      "version": "12.12.38",
      "resolved": "https://registry.npmjs.org/@types/node/-/node-12.12.38.tgz",
      "integrity": "sha512-75eLjX0pFuTcUXnnWmALMzzkYorjND0ezNEycaKesbUBg9eGZp4GHPuDmkRc4mQQvIpe29zrzATNRA6hkYqwmA==",
      "dev": true
    },
    "data-science-lab-core": {
      "version": "0.0.30",
      "resolved": "https://registry.npmjs.org/data-science-lab-core/-/data-science-lab-core-0.0.30.tgz",
      "integrity": "sha512-WQZvf1uS+dUs3wsT4O6kfOr2T5hQsr7WVgtzMOHYNw8i9/Mn9tWK/TbxfzE7nktCFnLYXFlve0voRlRQlLivig=="
    },
    "typescript": {
      "version": "3.8.3",
      "resolved": "https://registry.npmjs.org/typescript/-/typescript-3.8.3.tgz",
      "integrity": "sha512-MYlEfn5VrLNsgudQTVJeNaQFUAI7DkhnOjdpAp4T+ku1TfQClewlbSuTVHiA+8skNBgaf02TL/kLOvig4y3G8w==",
      "dev": true
    }
  }
}
